// !$*UTF8*$!
{
	archiveVersion = 1;
	classes = {
	};
	objectVersion = 46;
	objects = {

/* Begin PBXBuildFile section */
		130B74721E5DA4CB00B52285 /* ContactTableCell.swift in Sources */ = {isa = PBXBuildFile; fileRef = 130B74711E5DA4CB00B52285 /* ContactTableCell.swift */; };
		130B74741E5DA67B00B52285 /* TableViewController.swift in Sources */ = {isa = PBXBuildFile; fileRef = 130B74731E5DA67B00B52285 /* TableViewController.swift */; };
		1320FF0E1E5464A90014F861 /* AppDelegate.swift in Sources */ = {isa = PBXBuildFile; fileRef = 1320FF0D1E5464A90014F861 /* AppDelegate.swift */; };
		1320FF101E5464A90014F861 /* ViewController.swift in Sources */ = {isa = PBXBuildFile; fileRef = 1320FF0F1E5464A90014F861 /* ViewController.swift */; };
		1320FF131E5464A90014F861 /* Main.storyboard in Resources */ = {isa = PBXBuildFile; fileRef = 1320FF111E5464A90014F861 /* Main.storyboard */; };
		1320FF151E5464A90014F861 /* Assets.xcassets in Resources */ = {isa = PBXBuildFile; fileRef = 1320FF141E5464A90014F861 /* Assets.xcassets */; };
		1320FF181E5464A90014F861 /* LaunchScreen.storyboard in Resources */ = {isa = PBXBuildFile; fileRef = 1320FF161E5464A90014F861 /* LaunchScreen.storyboard */; };
		1320FF211E5464C60014F861 /* ContactsUI.framework in Frameworks */ = {isa = PBXBuildFile; fileRef = 1320FF201E5464C60014F861 /* ContactsUI.framework */; };
/* End PBXBuildFile section */

/* Begin PBXFileReference section */
		130B74711E5DA4CB00B52285 /* ContactTableCell.swift */ = {isa = PBXFileReference; fileEncoding = 4; lastKnownFileType = sourcecode.swift; path = ContactTableCell.swift; sourceTree = "<group>"; };
		130B74731E5DA67B00B52285 /* TableViewController.swift */ = {isa = PBXFileReference; fileEncoding = 4; lastKnownFileType = sourcecode.swift; path = TableViewController.swift; sourceTree = "<group>"; };
		1320FF0A1E5464A90014F861 /* ContactShare.app */ = {isa = PBXFileReference; explicitFileType = wrapper.application; includeInIndex = 0; path = ContactShare.app; sourceTree = BUILT_PRODUCTS_DIR; };
		1320FF0D1E5464A90014F861 /* AppDelegate.swift */ = {isa = PBXFileReference; lastKnownFileType = sourcecode.swift; path = AppDelegate.swift; sourceTree = "<group>"; };
		1320FF0F1E5464A90014F861 /* ViewController.swift */ = {isa = PBXFileReference; lastKnownFileType = sourcecode.swift; path = ViewController.swift; sourceTree = "<group>"; };
		1320FF121E5464A90014F861 /* Base */ = {isa = PBXFileReference; lastKnownFileType = file.storyboard; name = Base; path = Base.lproj/Main.storyboard; sourceTree = "<group>"; };
		1320FF141E5464A90014F861 /* Assets.xcassets */ = {isa = PBXFileReference; lastKnownFileType = folder.assetcatalog; path = Assets.xcassets; sourceTree = "<group>"; };
		1320FF171E5464A90014F861 /* Base */ = {isa = PBXFileReference; lastKnownFileType = file.storyboard; name = Base; path = Base.lproj/LaunchScreen.storyboard; sourceTree = "<group>"; };
		1320FF191E5464A90014F861 /* Info.plist */ = {isa = PBXFileReference; lastKnownFileType = text.plist.xml; path = Info.plist; sourceTree = "<group>"; };
		1320FF201E5464C60014F861 /* ContactsUI.framework */ = {isa = PBXFileReference; lastKnownFileType = wrapper.framework; name = ContactsUI.framework; path = System/Library/Frameworks/ContactsUI.framework; sourceTree = SDKROOT; };
/* End PBXFileReference section */

/* Begin PBXFrameworksBuildPhase section */
		1320FF071E5464A90014F861 /* Frameworks */ = {
			isa = PBXFrameworksBuildPhase;
			buildActionMask = 2147483647;
			files = (
				1320FF211E5464C60014F861 /* ContactsUI.framework in Frameworks */,
			);
			runOnlyForDeploymentPostprocessing = 0;
		};
/* End PBXFrameworksBuildPhase section */

/* Begin PBXGroup section */
		1320FF011E5464A90014F861 = {
			isa = PBXGroup;
			children = (
				1320FF0C1E5464A90014F861 /* ContactShare */,
				1320FF0B1E5464A90014F861 /* Products */,
				1320FF1F1E5464C60014F861 /* Frameworks */,
			);
			sourceTree = "<group>";
		};
		1320FF0B1E5464A90014F861 /* Products */ = {
			isa = PBXGroup;
			children = (
				1320FF0A1E5464A90014F861 /* ContactShare.app */,
			);
			name = Products;
			sourceTree = "<group>";
		};
		1320FF0C1E5464A90014F861 /* ContactShare */ = {
			isa = PBXGroup;
			children = (
				1320FF0D1E5464A90014F861 /* AppDelegate.swift */,
				1320FF0F1E5464A90014F861 /* ViewController.swift */,
				1320FF111E5464A90014F861 /* Main.storyboard */,
				1320FF141E5464A90014F861 /* Assets.xcassets */,
				1320FF161E5464A90014F861 /* LaunchScreen.storyboard */,
				1320FF191E5464A90014F861 /* Info.plist */,
				130B74711E5DA4CB00B52285 /* ContactTableCell.swift */,
				130B74731E5DA67B00B52285 /* TableViewController.swift */,
			);
			path = ContactShare;
			sourceTree = "<group>";
		};
		1320FF1F1E5464C60014F861 /* Frameworks */ = {
			isa = PBXGroup;
			children = (
				1320FF201E5464C60014F861 /* ContactsUI.framework */,
			);
			name = Frameworks;
			sourceTree = "<group>";
		};
/* End PBXGroup section */

/* Begin PBXNativeTarget section */
		1320FF091E5464A90014F861 /* ContactShare */ = {
			isa = PBXNativeTarget;
			buildConfigurationList = 1320FF1C1E5464A90014F861 /* Build configuration list for PBXNativeTarget "ContactShare" */;
			buildPhases = (
				1320FF061E5464A90014F861 /* Sources */,
				1320FF071E5464A90014F861 /* Frameworks */,
				1320FF081E5464A90014F861 /* Resources */,
			);
			buildRules = (
			);
			dependencies = (
			);
			name = ContactShare;
			productName = ContactShare;
			productReference = 1320FF0A1E5464A90014F861 /* ContactShare.app */;
			productType = "com.apple.product-type.application";
		};
/* End PBXNativeTarget section */

/* Begin PBXProject section */
		1320FF021E5464A90014F861 /* Project object */ = {
			isa = PBXProject;
			attributes = {
				LastSwiftUpdateCheck = 0820;
				LastUpgradeCheck = 0820;
				ORGANIZATIONNAME = Appdragon;
				TargetAttributes = {
					1320FF091E5464A90014F861 = {
						CreatedOnToolsVersion = 8.2;
						DevelopmentTeam = JHBWXEW3EW;
						ProvisioningStyle = Automatic;
					};
				};
			};
			buildConfigurationList = 1320FF051E5464A90014F861 /* Build configuration list for PBXProject "ContactShare" */;
			compatibilityVersion = "Xcode 3.2";
			developmentRegion = English;
			hasScannedForEncodings = 0;
			knownRegions = (
				en,
				Base,
			);
			mainGroup = 1320FF011E5464A90014F861;
			productRefGroup = 1320FF0B1E5464A90014F861 /* Products */;
			projectDirPath = "";
			projectRoot = "";
			targets = (
				1320FF091E5464A90014F861 /* ContactShare */,
			);
		};
/* End PBXProject section */

/* Begin PBXResourcesBuildPhase section */
		1320FF081E5464A90014F861 /* Resources */ = {
			isa = PBXResourcesBuildPhase;
			buildActionMask = 2147483647;
			files = (
				1320FF181E5464A90014F861 /* LaunchScreen.storyboard in Resources */,
				1320FF151E5464A90014F861 /* Assets.xcassets in Resources */,
				1320FF131E5464A90014F861 /* Main.storyboard in Resources */,
			);
			runOnlyForDeploymentPostprocessing = 0;
		};
/* End PBXResourcesBuildPhase section */

/* Begin PBXSourcesBuildPhase section */
		1320FF061E5464A90014F861 /* Sources */ = {
			isa = PBXSourcesBuildPhase;
			buildActionMask = 2147483647;
			files = (
				1320FF101E5464A90014F861 /* ViewController.swift in Sources */,
				1320FF0E1E5464A90014F861 /* AppDelegate.swift in Sources */,
				130B74721E5DA4CB00B52285 /* ContactTableCell.swift in Sources */,
				130B74741E5DA67B00B52285 /* TableViewController.swift in Sources */,
			);
			runOnlyForDeploymentPostprocessing = 0;
		};
/* End PBXSourcesBuildPhase section */

/* Begin PBXVariantGroup section */
		1320FF111E5464A90014F861 /* Main.storyboard */ = {
			isa = PBXVariantGroup;
			children = (
				1320FF121E5464A90014F861 /* Base */,
			);
			name = Main.storyboard;
			sourceTree = "<group>";
		};
		1320FF161E5464A90014F861 /* LaunchScreen.storyboard */ = {
			isa = PBXVariantGroup;
			children = (
				1320FF171E5464A90014F861 /* Base */,
			);
			name = LaunchScreen.storyboard;
			sourceTree = "<group>";
		};
/* End PBXVariantGroup section */

/* Begin XCBuildConfiguration section */
		1320FF1A1E5464A90014F861 /* Debug */ = {
			isa = XCBuildConfiguration;
			buildSettings = {
				ALWAYS_SEARCH_USER_PATHS = NO;
				CLANG_ANALYZER_NONNULL = YES;
				CLANG_CXX_LANGUAGE_STANDARD = "gnu++0x";
				CLANG_CXX_LIBRARY = "libc++";
				CLANG_ENABLE_MODULES = YES;
				CLANG_ENABLE_OBJC_ARC = YES;
				CLANG_WARN_BOOL_CONVERSION = YES;
				CLANG_WARN_CONSTANT_CONVERSION = YES;
				CLANG_WARN_DIRECT_OBJC_ISA_USAGE = YES_ERROR;
				CLANG_WARN_DOCUMENTATION_COMMENTS = YES;
				CLANG_WARN_EMPTY_BODY = YES;
				CLANG_WARN_ENUM_CONVERSION = YES;
				CLANG_WARN_INFINITE_RECURSION = YES;
				CLANG_WARN_INT_CONVERSION = YES;
				CLANG_WARN_OBJC_ROOT_CLASS = YES_ERROR;
				CLANG_WARN_SUSPICIOUS_MOVE = YES;
				CLANG_WARN_UNREACHABLE_CODE = YES;
				CLANG_WARN__DUPLICATE_METHOD_MATCH = YES;
				"CODE_SIGN_IDENTITY[sdk=iphoneos*]" = "iPhone Developer";
				COPY_PHASE_STRIP = NO;
				DEBUG_INFORMATION_FORMAT = dwarf;
				ENABLE_STRICT_OBJC_MSGSEND = YES;
				ENABLE_TESTABILITY = YES;
				GCC_C_LANGUAGE_STANDARD = gnu99;
				GCC_DYNAMIC_NO_PIC = NO;
				GCC_NO_COMMON_BLOCKS = YES;
				GCC_OPTIMIZATION_LEVEL = 0;
				GCC_PREPROCESSOR_DEFINITIONS = (
					"DEBUG=1",
					"$(inherited)",
				);
				GCC_WARN_64_TO_32_BIT_CONVERSION = YES;
				GCC_WARN_ABOUT_RETURN_TYPE = YES_ERROR;
				GCC_WARN_UNDECLARED_SELECTOR = YES;
				GCC_WARN_UNINITIALIZED_AUTOS = YES_AGGRESSIVE;
				GCC_WARN_UNUSED_FUNCTION = YES;
				GCC_WARN_UNUSED_VARIABLE = YES;
				IPHONEOS_DEPLOYMENT_TARGET = 10.2;
				MTL_ENABLE_DEBUG_INFO = YES;
				ONLY_ACTIVE_ARCH = YES;
				SDKROOT = iphoneos;
				SWIFT_ACTIVE_COMPILATION_CONDITIONS = DEBUG;
				SWIFT_OPTIMIZATION_LEVEL = "-Onone";
			};
			name = Debug;
		};
		1320FF1B1E5464A90014F861 /* Release */ = {
			isa = XCBuildConfiguration;
			buildSettings = {
				ALWAYS_SEARCH_USER_PATHS = NO;
				CLANG_ANALYZER_NONNULL = YES;
				CLANG_CXX_LANGUAGE_STANDARD = "gnu++0x";
				CLANG_CXX_LIBRARY = "libc++";
				CLANG_ENABLE_MODULES = YES;
				CLANG_ENABLE_OBJC_ARC = YES;
				CLANG_WARN_BOOL_CONVERSION = YES;
				CLANG_WARN_CONSTANT_CONVERSION = YES;
				CLANG_WARN_DIRECT_OBJC_ISA_USAGE = YES_ERROR;
				CLANG_WARN_DOCUMENTATION_COMMENTS = YES;
				CLANG_WARN_EMPTY_BODY = YES;
				CLANG_WARN_ENUM_CONVERSION = YES;
				CLANG_WARN_INFINITE_RECURSION = YES;
				CLANG_WARN_INT_CONVERSION = YES;
				CLANG_WARN_OBJC_ROOT_CLASS = YES_ERROR;
				CLANG_WARN_SUSPICIOUS_MOVE = YES;
				CLANG_WARN_UNREACHABLE_CODE = YES;
				CLANG_WARN__DUPLICATE_METHOD_MATCH = YES;
				"CODE_SIGN_IDENTITY[sdk=iphoneos*]" = "iPhone Developer";
				COPY_PHASE_STRIP = NO;
				DEBUG_INFORMATION_FORMAT = "dwarf-with-dsym";
				ENABLE_NS_ASSERTIONS = NO;
				ENABLE_STRICT_OBJC_MSGSEND = YES;
				GCC_C_LANGUAGE_STANDARD = gnu99;
				GCC_NO_COMMON_BLOCKS = YES;
				GCC_WARN_64_TO_32_BIT_CONVERSION = YES;
				GCC_WARN_ABOUT_RETURN_TYPE = YES_ERROR;
				GCC_WARN_UNDECLARED_SELECTOR = YES;
				GCC_WARN_UNINITIALIZED_AUTOS = YES_AGGRESSIVE;
				GCC_WARN_UNUSED_FUNCTION = YES;
				GCC_WARN_UNUSED_VARIABLE = YES;
				IPHONEOS_DEPLOYMENT_TARGET = 10.2;
				MTL_ENABLE_DEBUG_INFO = NO;
				SDKROOT = iphoneos;
				SWIFT_OPTIMIZATION_LEVEL = "-Owholemodule";
				VALIDATE_PRODUCT = YES;
			};
			name = Release;
		};
		1320FF1D1E5464A90014F861 /* Debug */ = {
			isa = XCBuildConfiguration;
			buildSettings = {
				ASSETCATALOG_COMPILER_APPICON_NAME = AppIcon;
				DEVELOPMENT_TEAM = JHBWXEW3EW;
				INFOPLIST_FILE = ContactShare/Info.plist;
				LD_RUNPATH_SEARCH_PATHS = "$(inherited) @executable_path/Frameworks";
				PRODUCT_BUNDLE_IDENTIFIER = com.appdragon.ContactShare;
				PRODUCT_NAME = "$(TARGET_NAME)";
				SWIFT_VERSION = 3.0;
			};
			name = Debug;
		};
		1320FF1E1E5464A90014F861 /* Release */ = {
			isa = XCBuildConfiguration;
			buildSettings = {
				ASSETCATALOG_COMPILER_APPICON_NAME = AppIcon;
				DEVELOPMENT_TEAM = JHBWXEW3EW;
				INFOPLIST_FILE = ContactShare/Info.plist;
				LD_RUNPATH_SEARCH_PATHS = "$(inherited) @executable_path/Frameworks";
				PRODUCT_BUNDLE_IDENTIFIER = com.appdragon.ContactShare;
				PRODUCT_NAME = "$(TARGET_NAME)";
				SWIFT_VERSION = 3.0;
			};
			name = Release;
		};
/* End XCBuildConfiguration section */

/* Begin XCConfigurationList section */
		1320FF051E5464A90014F861 /* Build configuration list for PBXProject "ContactShare" */ = {
			isa = XCConfigurationList;
			buildConfigurations = (
				1320FF1A1E5464A90014F861 /* Debug */,
				1320FF1B1E5464A90014F861 /* Release */,
			);
			defaultConfigurationIsVisible = 0;
			defaultConfigurationName = Release;
		};
		1320FF1C1E5464A90014F861 /* Build configuration list for PBXNativeTarget "ContactShare" */ = {
			isa = XCConfigurationList;
			buildConfigurations = (
				1320FF1D1E5464A90014F861 /* Debug */,
				1320FF1E1E5464A90014F861 /* Release */,
			);
			defaultConfigurationIsVisible = 0;
			defaultConfigurationName = Release;
		};
/* End XCConfigurationList section */
	};
	rootObject = 1320FF021E5464A90014F861 /* Project object */;
}
